// !$*UTF8*$!
{
	archiveVersion = 1;
	classes = {
	};
	objectVersion = 50;
	objects = {

/* Begin PBXBuildFile section */
		C0F4F9B2233E005100D6D43E /* AppDelegate.swift in Sources */ = {isa = PBXBuildFile; fileRef = C0F4F9B1233E005100D6D43E /* AppDelegate.swift */; };
		C0F4F9B4233E005100D6D43E /* SceneDelegate.swift in Sources */ = {isa = PBXBuildFile; fileRef = C0F4F9B3233E005100D6D43E /* SceneDelegate.swift */; };
		C0F4F9B6233E005100D6D43E /* ViewController.swift in Sources */ = {isa = PBXBuildFile; fileRef = C0F4F9B5233E005100D6D43E /* ViewController.swift */; };
		C0F4F9B9233E005100D6D43E /* Main.storyboard in Resources */ = {isa = PBXBuildFile; fileRef = C0F4F9B7233E005100D6D43E /* Main.storyboard */; };
		C0F4F9BB233E005300D6D43E /* Assets.xcassets in Resources */ = {isa = PBXBuildFile; fileRef = C0F4F9BA233E005300D6D43E /* Assets.xcassets */; };
		C0F4F9BE233E005300D6D43E /* LaunchScreen.storyboard in Resources */ = {isa = PBXBuildFile; fileRef = C0F4F9BC233E005300D6D43E /* LaunchScreen.storyboard */; };
		C0F4F9C6233E9FCA00D6D43E /* SettingsView.swift in Sources */ = {isa = PBXBuildFile; fileRef = C0F4F9C5233E9FC900D6D43E /* SettingsView.swift */; };
		C0F4F9C8233EA1CB00D6D43E /* Settings.swift in Sources */ = {isa = PBXBuildFile; fileRef = C0F4F9C7233EA1CB00D6D43E /* Settings.swift */; };
		C0F4F9CA233EA56500D6D43E /* UserDefaultsPropertyWrapper.swift in Sources */ = {isa = PBXBuildFile; fileRef = C0F4F9C9233EA56500D6D43E /* UserDefaultsPropertyWrapper.swift */; };
		C0F4F9CC233EAFB400D6D43E /* FontSizeView.swift in Sources */ = {isa = PBXBuildFile; fileRef = C0F4F9CB233EAFB300D6D43E /* FontSizeView.swift */; };
/* End PBXBuildFile section */

/* Begin PBXFileReference section */
		C0F4F9AE233E005100D6D43E /* SwiftUI-SettingsView-Sample.app */ = {isa = PBXFileReference; explicitFileType = wrapper.application; includeInIndex = 0; path = "SwiftUI-SettingsView-Sample.app"; sourceTree = BUILT_PRODUCTS_DIR; };
		C0F4F9B1233E005100D6D43E /* AppDelegate.swift */ = {isa = PBXFileReference; lastKnownFileType = sourcecode.swift; path = AppDelegate.swift; sourceTree = "<group>"; };
		C0F4F9B3233E005100D6D43E /* SceneDelegate.swift */ = {isa = PBXFileReference; lastKnownFileType = sourcecode.swift; path = SceneDelegate.swift; sourceTree = "<group>"; };
		C0F4F9B5233E005100D6D43E /* ViewController.swift */ = {isa = PBXFileReference; lastKnownFileType = sourcecode.swift; path = ViewController.swift; sourceTree = "<group>"; };
		C0F4F9B8233E005100D6D43E /* Base */ = {isa = PBXFileReference; lastKnownFileType = file.storyboard; name = Base; path = Base.lproj/Main.storyboard; sourceTree = "<group>"; };
		C0F4F9BA233E005300D6D43E /* Assets.xcassets */ = {isa = PBXFileReference; lastKnownFileType = folder.assetcatalog; path = Assets.xcassets; sourceTree = "<group>"; };
		C0F4F9BD233E005300D6D43E /* Base */ = {isa = PBXFileReference; lastKnownFileType = file.storyboard; name = Base; path = Base.lproj/LaunchScreen.storyboard; sourceTree = "<group>"; };
		C0F4F9BF233E005300D6D43E /* Info.plist */ = {isa = PBXFileReference; lastKnownFileType = text.plist.xml; path = Info.plist; sourceTree = "<group>"; };
		C0F4F9C5233E9FC900D6D43E /* SettingsView.swift */ = {isa = PBXFileReference; lastKnownFileType = sourcecode.swift; path = SettingsView.swift; sourceTree = "<group>"; };
		C0F4F9C7233EA1CB00D6D43E /* Settings.swift */ = {isa = PBXFileReference; lastKnownFileType = sourcecode.swift; path = Settings.swift; sourceTree = "<group>"; };
		C0F4F9C9233EA56500D6D43E /* UserDefaultsPropertyWrapper.swift */ = {isa = PBXFileReference; lastKnownFileType = sourcecode.swift; path = UserDefaultsPropertyWrapper.swift; sourceTree = "<group>"; };
		C0F4F9CB233EAFB300D6D43E /* FontSizeView.swift */ = {isa = PBXFileReference; lastKnownFileType = sourcecode.swift; path = FontSizeView.swift; sourceTree = "<group>"; };
/* End PBXFileReference section */

/* Begin PBXFrameworksBuildPhase section */
		C0F4F9AB233E005100D6D43E /* Frameworks */ = {
			isa = PBXFrameworksBuildPhase;
			buildActionMask = 2147483647;
			files = (
			);
			runOnlyForDeploymentPostprocessing = 0;
		};
/* End PBXFrameworksBuildPhase section */

/* Begin PBXGroup section */
		C0F4F9A5233E005100D6D43E = {
			isa = PBXGroup;
			children = (
				C0F4F9B0233E005100D6D43E /* SwiftUI-SettingsView-Sample */,
				C0F4F9AF233E005100D6D43E /* Products */,
			);
			sourceTree = "<group>";
		};
		C0F4F9AF233E005100D6D43E /* Products */ = {
			isa = PBXGroup;
			children = (
				C0F4F9AE233E005100D6D43E /* SwiftUI-SettingsView-Sample.app */,
			);
			name = Products;
			sourceTree = "<group>";
		};
		C0F4F9B0233E005100D6D43E /* SwiftUI-SettingsView-Sample */ = {
			isa = PBXGroup;
			children = (
				C0F4F9B1233E005100D6D43E /* AppDelegate.swift */,
				C0F4F9B3233E005100D6D43E /* SceneDelegate.swift */,
				C0F4F9B5233E005100D6D43E /* ViewController.swift */,
				C0F4F9C5233E9FC900D6D43E /* SettingsView.swift */,
				C0F4F9CB233EAFB300D6D43E /* FontSizeView.swift */,
				C0F4F9C7233EA1CB00D6D43E /* Settings.swift */,
				C0F4F9C9233EA56500D6D43E /* UserDefaultsPropertyWrapper.swift */,
				C0F4F9B7233E005100D6D43E /* Main.storyboard */,
				C0F4F9BA233E005300D6D43E /* Assets.xcassets */,
				C0F4F9BC233E005300D6D43E /* LaunchScreen.storyboard */,
				C0F4F9BF233E005300D6D43E /* Info.plist */,
			);
			path = "SwiftUI-SettingsView-Sample";
			sourceTree = "<group>";
		};
/* End PBXGroup section */

/* Begin PBXNativeTarget section */
		C0F4F9AD233E005100D6D43E /* SwiftUI-SettingsView-Sample */ = {
			isa = PBXNativeTarget;
			buildConfigurationList = C0F4F9C2233E005300D6D43E /* Build configuration list for PBXNativeTarget "SwiftUI-SettingsView-Sample" */;
			buildPhases = (
				C0F4F9AA233E005100D6D43E /* Sources */,
				C0F4F9AB233E005100D6D43E /* Frameworks */,
				C0F4F9AC233E005100D6D43E /* Resources */,
			);
			buildRules = (
			);
			dependencies = (
			);
			name = "SwiftUI-SettingsView-Sample";
			productName = "SwiftUI-SettingsView-Sample";
			productReference = C0F4F9AE233E005100D6D43E /* SwiftUI-SettingsView-Sample.app */;
			productType = "com.apple.product-type.application";
		};
/* End PBXNativeTarget section */

/* Begin PBXProject section */
		C0F4F9A6233E005100D6D43E /* Project object */ = {
			isa = PBXProject;
			attributes = {
				LastSwiftUpdateCheck = 1100;
				LastUpgradeCheck = 1100;
				ORGANIZATIONNAME = "Rakko Inc.";
				TargetAttributes = {
					C0F4F9AD233E005100D6D43E = {
						CreatedOnToolsVersion = 11.0;
					};
				};
			};
			buildConfigurationList = C0F4F9A9233E005100D6D43E /* Build configuration list for PBXProject "SwiftUI-SettingsView-Sample" */;
			compatibilityVersion = "Xcode 9.3";
			developmentRegion = en;
			hasScannedForEncodings = 0;
			knownRegions = (
				en,
				Base,
			);
			mainGroup = C0F4F9A5233E005100D6D43E;
			productRefGroup = C0F4F9AF233E005100D6D43E /* Products */;
			projectDirPath = "";
			projectRoot = "";
			targets = (
				C0F4F9AD233E005100D6D43E /* SwiftUI-SettingsView-Sample */,
			);
		};
/* End PBXProject section */

/* Begin PBXResourcesBuildPhase section */
		C0F4F9AC233E005100D6D43E /* Resources */ = {
			isa = PBXResourcesBuildPhase;
			buildActionMask = 2147483647;
			files = (
				C0F4F9BE233E005300D6D43E /* LaunchScreen.storyboard in Resources */,
				C0F4F9BB233E005300D6D43E /* Assets.xcassets in Resources */,
				C0F4F9B9233E005100D6D43E /* Main.storyboard in Resources */,
			);
			runOnlyForDeploymentPostprocessing = 0;
		};
/* End PBXResourcesBuildPhase section */

/* Begin PBXSourcesBuildPhase section */
		C0F4F9AA233E005100D6D43E /* Sources */ = {
			isa = PBXSourcesBuildPhase;
			buildActionMask = 2147483647;
			files = (
				C0F4F9B6233E005100D6D43E /* ViewController.swift in Sources */,
				C0F4F9C6233E9FCA00D6D43E /* SettingsView.swift in Sources */,
				C0F4F9CC233EAFB400D6D43E /* FontSizeView.swift in Sources */,
				C0F4F9B2233E005100D6D43E /* AppDelegate.swift in Sources */,
				C0F4F9B4233E005100D6D43E /* SceneDelegate.swift in Sources */,
				C0F4F9C8233EA1CB00D6D43E /* Settings.swift in Sources */,
				C0F4F9CA233EA56500D6D43E /* UserDefaultsPropertyWrapper.swift in Sources */,
			);
			runOnlyForDeploymentPostprocessing = 0;
		};
/* End PBXSourcesBuildPhase section */

/* Begin PBXVariantGroup section */
		C0F4F9B7233E005100D6D43E /* Main.storyboard */ = {
			isa = PBXVariantGroup;
			children = (
				C0F4F9B8233E005100D6D43E /* Base */,
			);
			name = Main.storyboard;
			sourceTree = "<group>";
		};
		C0F4F9BC233E005300D6D43E /* LaunchScreen.storyboard */ = {
			isa = PBXVariantGroup;
			children = (
				C0F4F9BD233E005300D6D43E /* Base */,
			);
			name = LaunchScreen.storyboard;
			sourceTree = "<group>";
		};
/* End PBXVariantGroup section */

/* Begin XCBuildConfiguration section */
		C0F4F9C0233E005300D6D43E /* Debug */ = {
			isa = XCBuildConfiguration;
			buildSettings = {
				ALWAYS_SEARCH_USER_PATHS = NO;
				CLANG_ANALYZER_NONNULL = YES;
				CLANG_ANALYZER_NUMBER_OBJECT_CONVERSION = YES_AGGRESSIVE;
				CLANG_CXX_LANGUAGE_STANDARD = "gnu++14";
				CLANG_CXX_LIBRARY = "libc++";
				CLANG_ENABLE_MODULES = YES;
				CLANG_ENABLE_OBJC_ARC = YES;
				CLANG_ENABLE_OBJC_WEAK = YES;
				CLANG_WARN_BLOCK_CAPTURE_AUTORELEASING = YES;
				CLANG_WARN_BOOL_CONVERSION = YES;
				CLANG_WARN_COMMA = YES;
				CLANG_WARN_CONSTANT_CONVERSION = YES;
				CLANG_WARN_DEPRECATED_OBJC_IMPLEMENTATIONS = YES;
				CLANG_WARN_DIRECT_OBJC_ISA_USAGE = YES_ERROR;
				CLANG_WARN_DOCUMENTATION_COMMENTS = YES;
				CLANG_WARN_EMPTY_BODY = YES;
				CLANG_WARN_ENUM_CONVERSION = YES;
				CLANG_WARN_INFINITE_RECURSION = YES;
				CLANG_WARN_INT_CONVERSION = YES;
				CLANG_WARN_NON_LITERAL_NULL_CONVERSION = YES;
				CLANG_WARN_OBJC_IMPLICIT_RETAIN_SELF = YES;
				CLANG_WARN_OBJC_LITERAL_CONVERSION = YES;
				CLANG_WARN_OBJC_ROOT_CLASS = YES_ERROR;
				CLANG_WARN_RANGE_LOOP_ANALYSIS = YES;
				CLANG_WARN_STRICT_PROTOTYPES = YES;
				CLANG_WARN_SUSPICIOUS_MOVE = YES;
				CLANG_WARN_UNGUARDED_AVAILABILITY = YES_AGGRESSIVE;
				CLANG_WARN_UNREACHABLE_CODE = YES;
				CLANG_WARN__DUPLICATE_METHOD_MATCH = YES;
				COPY_PHASE_STRIP = NO;
				DEBUG_INFORMATION_FORMAT = dwarf;
				ENABLE_STRICT_OBJC_MSGSEND = YES;
				ENABLE_TESTABILITY = YES;
				GCC_C_LANGUAGE_STANDARD = gnu11;
				GCC_DYNAMIC_NO_PIC = NO;
				GCC_NO_COMMON_BLOCKS = YES;
				GCC_OPTIMIZATION_LEVEL = 0;
				GCC_PREPROCESSOR_DEFINITIONS = (
					"DEBUG=1",
					"$(inherited)",
				);
				GCC_WARN_64_TO_32_BIT_CONVERSION = YES;
				GCC_WARN_ABOUT_RETURN_TYPE = YES_ERROR;
				GCC_WARN_UNDECLARED_SELECTOR = YES;
				GCC_WARN_UNINITIALIZED_AUTOS = YES_AGGRESSIVE;
				GCC_WARN_UNUSED_FUNCTION = YES;
				GCC_WARN_UNUSED_VARIABLE = YES;
				IPHONEOS_DEPLOYMENT_TARGET = 13.0;
				MTL_ENABLE_DEBUG_INFO = INCLUDE_SOURCE;
				MTL_FAST_MATH = YES;
				ONLY_ACTIVE_ARCH = YES;
				SDKROOT = iphoneos;
				SWIFT_ACTIVE_COMPILATION_CONDITIONS = DEBUG;
				SWIFT_OPTIMIZATION_LEVEL = "-Onone";
			};
			name = Debug;
		};
		C0F4F9C1233E005300D6D43E /* Release */ = {
			isa = XCBuildConfiguration;
			buildSettings = {
				ALWAYS_SEARCH_USER_PATHS = NO;
				CLANG_ANALYZER_NONNULL = YES;
				CLANG_ANALYZER_NUMBER_OBJECT_CONVERSION = YES_AGGRESSIVE;
				CLANG_CXX_LANGUAGE_STANDARD = "gnu++14";
				CLANG_CXX_LIBRARY = "libc++";
				CLANG_ENABLE_MODULES = YES;
				CLANG_ENABLE_OBJC_ARC = YES;
				CLANG_ENABLE_OBJC_WEAK = YES;
				CLANG_WARN_BLOCK_CAPTURE_AUTORELEASING = YES;
				CLANG_WARN_BOOL_CONVERSION = YES;
				CLANG_WARN_COMMA = YES;
				CLANG_WARN_CONSTANT_CONVERSION = YES;
				CLANG_WARN_DEPRECATED_OBJC_IMPLEMENTATIONS = YES;
				CLANG_WARN_DIRECT_OBJC_ISA_USAGE = YES_ERROR;
				CLANG_WARN_DOCUMENTATION_COMMENTS = YES;
				CLANG_WARN_EMPTY_BODY = YES;
				CLANG_WARN_ENUM_CONVERSION = YES;
				CLANG_WARN_INFINITE_RECURSION = YES;
				CLANG_WARN_INT_CONVERSION = YES;
				CLANG_WARN_NON_LITERAL_NULL_CONVERSION = YES;
				CLANG_WARN_OBJC_IMPLICIT_RETAIN_SELF = YES;
				CLANG_WARN_OBJC_LITERAL_CONVERSION = YES;
				CLANG_WARN_OBJC_ROOT_CLASS = YES_ERROR;
				CLANG_WARN_RANGE_LOOP_ANALYSIS = YES;
				CLANG_WARN_STRICT_PROTOTYPES = YES;
				CLANG_WARN_SUSPICIOUS_MOVE = YES;
				CLANG_WARN_UNGUARDED_AVAILABILITY = YES_AGGRESSIVE;
				CLANG_WARN_UNREACHABLE_CODE = YES;
				CLANG_WARN__DUPLICATE_METHOD_MATCH = YES;
				COPY_PHASE_STRIP = NO;
				DEBUG_INFORMATION_FORMAT = "dwarf-with-dsym";
				ENABLE_NS_ASSERTIONS = NO;
				ENABLE_STRICT_OBJC_MSGSEND = YES;
				GCC_C_LANGUAGE_STANDARD = gnu11;
				GCC_NO_COMMON_BLOCKS = YES;
				GCC_WARN_64_TO_32_BIT_CONVERSION = YES;
				GCC_WARN_ABOUT_RETURN_TYPE = YES_ERROR;
				GCC_WARN_UNDECLARED_SELECTOR = YES;
				GCC_WARN_UNINITIALIZED_AUTOS = YES_AGGRESSIVE;
				GCC_WARN_UNUSED_FUNCTION = YES;
				GCC_WARN_UNUSED_VARIABLE = YES;
				IPHONEOS_DEPLOYMENT_TARGET = 13.0;
				MTL_ENABLE_DEBUG_INFO = NO;
				MTL_FAST_MATH = YES;
				SDKROOT = iphoneos;
				SWIFT_COMPILATION_MODE = wholemodule;
				SWIFT_OPTIMIZATION_LEVEL = "-O";
				VALIDATE_PRODUCT = YES;
			};
			name = Release;
		};
		C0F4F9C3233E005300D6D43E /* Debug */ = {
			isa = XCBuildConfiguration;
			buildSettings = {
				ASSETCATALOG_COMPILER_APPICON_NAME = AppIcon;
				CODE_SIGN_STYLE = Automatic;
				INFOPLIST_FILE = "SwiftUI-SettingsView-Sample/Info.plist";
				LD_RUNPATH_SEARCH_PATHS = (
					"$(inherited)",
					"@executable_path/Frameworks",
				);
				PRODUCT_BUNDLE_IDENTIFIER = "app.rakko.SwiftUI-SettingsView-Sample";
				PRODUCT_NAME = "$(TARGET_NAME)";
				SWIFT_VERSION = 5.0;
				TARGETED_DEVICE_FAMILY = "1,2";
			};
			name = Debug;
		};
		C0F4F9C4233E005300D6D43E /* Release */ = {
			isa = XCBuildConfiguration;
			buildSettings = {
				ASSETCATALOG_COMPILER_APPICON_NAME = AppIcon;
				CODE_SIGN_STYLE = Automatic;
				INFOPLIST_FILE = "SwiftUI-SettingsView-Sample/Info.plist";
				LD_RUNPATH_SEARCH_PATHS = (
					"$(inherited)",
					"@executable_path/Frameworks",
				);
				PRODUCT_BUNDLE_IDENTIFIER = "app.rakko.SwiftUI-SettingsView-Sample";
				PRODUCT_NAME = "$(TARGET_NAME)";
				SWIFT_VERSION = 5.0;
				TARGETED_DEVICE_FAMILY = "1,2";
			};
			name = Release;
		};
/* End XCBuildConfiguration section */

/* Begin XCConfigurationList section */
		C0F4F9A9233E005100D6D43E /* Build configuration list for PBXProject "SwiftUI-SettingsView-Sample" */ = {
			isa = XCConfigurationList;
			buildConfigurations = (
				C0F4F9C0233E005300D6D43E /* Debug */,
				C0F4F9C1233E005300D6D43E /* Release */,
			);
			defaultConfigurationIsVisible = 0;
			defaultConfigurationName = Release;
		};
		C0F4F9C2233E005300D6D43E /* Build configuration list for PBXNativeTarget "SwiftUI-SettingsView-Sample" */ = {
			isa = XCConfigurationList;
			buildConfigurations = (
				C0F4F9C3233E005300D6D43E /* Debug */,
				C0F4F9C4233E005300D6D43E /* Release */,
			);
			defaultConfigurationIsVisible = 0;
			defaultConfigurationName = Release;
		};
/* End XCConfigurationList section */
	};
	rootObject = C0F4F9A6233E005100D6D43E /* Project object */;
}
